
Microsoft Visual Studio Solution File, Format Version 12.00
# Visual Studio Version 17
VisualStudioVersion = 17.2.32526.322
MinimumVisualStudioVersion = 10.0.40219.1
Project("{FAE04EC0-301F-11D3-BF4B-00C04F79EFBC}") = "ReportViewer", "ReportViewer\ReportViewer.csproj", "{70F1DB61-97F8-4ABA-9338-420FE3036841}"
EndProject
Global
	GlobalSection(SolutionConfigurationPlatforms) = preSolution
		Debug|Any CPU = Debug|Any CPU
		Release|Any CPU = Release|Any CPU
	EndGlobalSection
	GlobalSection(ProjectConfigurationPlatforms) = postSolution
		{70F1DB61-97F8-4ABA-9338-420FE3036841}.Debug|Any CPU.ActiveCfg = Debug|Any CPU
		{70F1DB61-97F8-4ABA-9338-420FE3036841}.Debug|Any CPU.Build.0 = Debug|Any CPU
		{70F1DB61-97F8-4ABA-9338-420FE3036841}.Release|Any CPU.ActiveCfg = Release|Any CPU
		{70F1DB61-97F8-4ABA-9338-420FE3036841}.Release|Any CPU.Build.0 = Release|Any CPU
	EndGlobalSection
	GlobalSection(SolutionProperties) = preSolution
		HideSolutionNode = FALSE
	EndGlobalSection
	GlobalSection(ExtensibilityGlobals) = postSolution
		SolutionGuid = {8C2A1FF9-6045-4205-B832-CBA3E47D72A3}
	EndGlobalSection
EndGlobal
